// !$*UTF8*$!
{
	archiveVersion = 1;
	classes = {
	};
	objectVersion = 50;
	objects = {

/* Begin PBXBuildFile section */
		B91B2C65258EF41D00AB0428 /* AppDelegate.swift in Sources */ = {isa = PBXBuildFile; fileRef = B91B2C64258EF41D00AB0428 /* AppDelegate.swift */; };
		B91B2C67258EF41D00AB0428 /* SceneDelegate.swift in Sources */ = {isa = PBXBuildFile; fileRef = B91B2C66258EF41D00AB0428 /* SceneDelegate.swift */; };
		B91B2C69258EF41D00AB0428 /* ViewController.swift in Sources */ = {isa = PBXBuildFile; fileRef = B91B2C68258EF41D00AB0428 /* ViewController.swift */; };
		B91B2C6C258EF41D00AB0428 /* Main.storyboard in Resources */ = {isa = PBXBuildFile; fileRef = B91B2C6A258EF41D00AB0428 /* Main.storyboard */; };
		B91B2C6E258EF41F00AB0428 /* Assets.xcassets in Resources */ = {isa = PBXBuildFile; fileRef = B91B2C6D258EF41F00AB0428 /* Assets.xcassets */; };
		B91B2C71258EF41F00AB0428 /* LaunchScreen.storyboard in Resources */ = {isa = PBXBuildFile; fileRef = B91B2C6F258EF41F00AB0428 /* LaunchScreen.storyboard */; };
		B91B2C7C258EF41F00AB0428 /* TipperTests.swift in Sources */ = {isa = PBXBuildFile; fileRef = B91B2C7B258EF41F00AB0428 /* TipperTests.swift */; };
		B91B2C87258EF41F00AB0428 /* TipperUITests.swift in Sources */ = {isa = PBXBuildFile; fileRef = B91B2C86258EF41F00AB0428 /* TipperUITests.swift */; };
/* End PBXBuildFile section */

/* Begin PBXContainerItemProxy section */
		B91B2C78258EF41F00AB0428 /* PBXContainerItemProxy */ = {
			isa = PBXContainerItemProxy;
			containerPortal = B91B2C59258EF41D00AB0428 /* Project object */;
			proxyType = 1;
			remoteGlobalIDString = B91B2C60258EF41D00AB0428;
			remoteInfo = Tipper;
		};
		B91B2C83258EF41F00AB0428 /* PBXContainerItemProxy */ = {
			isa = PBXContainerItemProxy;
			containerPortal = B91B2C59258EF41D00AB0428 /* Project object */;
			proxyType = 1;
			remoteGlobalIDString = B91B2C60258EF41D00AB0428;
			remoteInfo = Tipper;
		};
/* End PBXContainerItemProxy section */

/* Begin PBXFileReference section */
		B91B2C61258EF41D00AB0428 /* Tipper.app */ = {isa = PBXFileReference; explicitFileType = wrapper.application; includeInIndex = 0; path = Tipper.app; sourceTree = BUILT_PRODUCTS_DIR; };
		B91B2C64258EF41D00AB0428 /* AppDelegate.swift */ = {isa = PBXFileReference; lastKnownFileType = sourcecode.swift; path = AppDelegate.swift; sourceTree = "<group>"; };
		B91B2C66258EF41D00AB0428 /* SceneDelegate.swift */ = {isa = PBXFileReference; lastKnownFileType = sourcecode.swift; path = SceneDelegate.swift; sourceTree = "<group>"; };
		B91B2C68258EF41D00AB0428 /* ViewController.swift */ = {isa = PBXFileReference; lastKnownFileType = sourcecode.swift; path = ViewController.swift; sourceTree = "<group>"; };
		B91B2C6B258EF41D00AB0428 /* Base */ = {isa = PBXFileReference; lastKnownFileType = file.storyboard; name = Base; path = Base.lproj/Main.storyboard; sourceTree = "<group>"; };
		B91B2C6D258EF41F00AB0428 /* Assets.xcassets */ = {isa = PBXFileReference; lastKnownFileType = folder.assetcatalog; path = Assets.xcassets; sourceTree = "<group>"; };
		B91B2C70258EF41F00AB0428 /* Base */ = {isa = PBXFileReference; lastKnownFileType = file.storyboard; name = Base; path = Base.lproj/LaunchScreen.storyboard; sourceTree = "<group>"; };
		B91B2C72258EF41F00AB0428 /* Info.plist */ = {isa = PBXFileReference; lastKnownFileType = text.plist.xml; path = Info.plist; sourceTree = "<group>"; };
		B91B2C77258EF41F00AB0428 /* TipperTests.xctest */ = {isa = PBXFileReference; explicitFileType = wrapper.cfbundle; includeInIndex = 0; path = TipperTests.xctest; sourceTree = BUILT_PRODUCTS_DIR; };
		B91B2C7B258EF41F00AB0428 /* TipperTests.swift */ = {isa = PBXFileReference; lastKnownFileType = sourcecode.swift; path = TipperTests.swift; sourceTree = "<group>"; };
		B91B2C7D258EF41F00AB0428 /* Info.plist */ = {isa = PBXFileReference; lastKnownFileType = text.plist.xml; path = Info.plist; sourceTree = "<group>"; };
		B91B2C82258EF41F00AB0428 /* TipperUITests.xctest */ = {isa = PBXFileReference; explicitFileType = wrapper.cfbundle; includeInIndex = 0; path = TipperUITests.xctest; sourceTree = BUILT_PRODUCTS_DIR; };
		B91B2C86258EF41F00AB0428 /* TipperUITests.swift */ = {isa = PBXFileReference; lastKnownFileType = sourcecode.swift; path = TipperUITests.swift; sourceTree = "<group>"; };
		B91B2C88258EF41F00AB0428 /* Info.plist */ = {isa = PBXFileReference; lastKnownFileType = text.plist.xml; path = Info.plist; sourceTree = "<group>"; };
/* End PBXFileReference section */

/* Begin PBXFrameworksBuildPhase section */
		B91B2C5E258EF41D00AB0428 /* Frameworks */ = {
			isa = PBXFrameworksBuildPhase;
			buildActionMask = 2147483647;
			files = (
			);
			runOnlyForDeploymentPostprocessing = 0;
		};
		B91B2C74258EF41F00AB0428 /* Frameworks */ = {
			isa = PBXFrameworksBuildPhase;
			buildActionMask = 2147483647;
			files = (
			);
			runOnlyForDeploymentPostprocessing = 0;
		};
		B91B2C7F258EF41F00AB0428 /* Frameworks */ = {
			isa = PBXFrameworksBuildPhase;
			buildActionMask = 2147483647;
			files = (
			);
			runOnlyForDeploymentPostprocessing = 0;
		};
/* End PBXFrameworksBuildPhase section */

/* Begin PBXGroup section */
		B91B2C58258EF41D00AB0428 = {
			isa = PBXGroup;
			children = (
				B91B2C63258EF41D00AB0428 /* Tipper */,
				B91B2C7A258EF41F00AB0428 /* TipperTests */,
				B91B2C85258EF41F00AB0428 /* TipperUITests */,
				B91B2C62258EF41D00AB0428 /* Products */,
			);
			sourceTree = "<group>";
		};
		B91B2C62258EF41D00AB0428 /* Products */ = {
			isa = PBXGroup;
			children = (
				B91B2C61258EF41D00AB0428 /* Tipper.app */,
				B91B2C77258EF41F00AB0428 /* TipperTests.xctest */,
				B91B2C82258EF41F00AB0428 /* TipperUITests.xctest */,
			);
			name = Products;
			sourceTree = "<group>";
		};
		B91B2C63258EF41D00AB0428 /* Tipper */ = {
			isa = PBXGroup;
			children = (
				B91B2C64258EF41D00AB0428 /* AppDelegate.swift */,
				B91B2C66258EF41D00AB0428 /* SceneDelegate.swift */,
				B91B2C68258EF41D00AB0428 /* ViewController.swift */,
				B91B2C6A258EF41D00AB0428 /* Main.storyboard */,
				B91B2C6D258EF41F00AB0428 /* Assets.xcassets */,
				B91B2C6F258EF41F00AB0428 /* LaunchScreen.storyboard */,
				B91B2C72258EF41F00AB0428 /* Info.plist */,
			);
			path = Tipper;
			sourceTree = "<group>";
		};
		B91B2C7A258EF41F00AB0428 /* TipperTests */ = {
			isa = PBXGroup;
			children = (
				B91B2C7B258EF41F00AB0428 /* TipperTests.swift */,
				B91B2C7D258EF41F00AB0428 /* Info.plist */,
			);
			path = TipperTests;
			sourceTree = "<group>";
		};
		B91B2C85258EF41F00AB0428 /* TipperUITests */ = {
			isa = PBXGroup;
			children = (
				B91B2C86258EF41F00AB0428 /* TipperUITests.swift */,
				B91B2C88258EF41F00AB0428 /* Info.plist */,
			);
			path = TipperUITests;
			sourceTree = "<group>";
		};
/* End PBXGroup section */

/* Begin PBXNativeTarget section */
		B91B2C60258EF41D00AB0428 /* Tipper */ = {
			isa = PBXNativeTarget;
			buildConfigurationList = B91B2C8B258EF42000AB0428 /* Build configuration list for PBXNativeTarget "Tipper" */;
			buildPhases = (
				B91B2C5D258EF41D00AB0428 /* Sources */,
				B91B2C5E258EF41D00AB0428 /* Frameworks */,
				B91B2C5F258EF41D00AB0428 /* Resources */,
			);
			buildRules = (
			);
			dependencies = (
			);
			name = Tipper;
			productName = Tipper;
			productReference = B91B2C61258EF41D00AB0428 /* Tipper.app */;
			productType = "com.apple.product-type.application";
		};
		B91B2C76258EF41F00AB0428 /* TipperTests */ = {
			isa = PBXNativeTarget;
			buildConfigurationList = B91B2C8E258EF42000AB0428 /* Build configuration list for PBXNativeTarget "TipperTests" */;
			buildPhases = (
				B91B2C73258EF41F00AB0428 /* Sources */,
				B91B2C74258EF41F00AB0428 /* Frameworks */,
				B91B2C75258EF41F00AB0428 /* Resources */,
			);
			buildRules = (
			);
			dependencies = (
				B91B2C79258EF41F00AB0428 /* PBXTargetDependency */,
			);
			name = TipperTests;
			productName = TipperTests;
			productReference = B91B2C77258EF41F00AB0428 /* TipperTests.xctest */;
			productType = "com.apple.product-type.bundle.unit-test";
		};
		B91B2C81258EF41F00AB0428 /* TipperUITests */ = {
			isa = PBXNativeTarget;
			buildConfigurationList = B91B2C91258EF42000AB0428 /* Build configuration list for PBXNativeTarget "TipperUITests" */;
			buildPhases = (
				B91B2C7E258EF41F00AB0428 /* Sources */,
				B91B2C7F258EF41F00AB0428 /* Frameworks */,
				B91B2C80258EF41F00AB0428 /* Resources */,
			);
			buildRules = (
			);
			dependencies = (
				B91B2C84258EF41F00AB0428 /* PBXTargetDependency */,
			);
			name = TipperUITests;
			productName = TipperUITests;
			productReference = B91B2C82258EF41F00AB0428 /* TipperUITests.xctest */;
			productType = "com.apple.product-type.bundle.ui-testing";
		};
/* End PBXNativeTarget section */

/* Begin PBXProject section */
		B91B2C59258EF41D00AB0428 /* Project object */ = {
			isa = PBXProject;
			attributes = {
				LastSwiftUpdateCheck = 1230;
				LastUpgradeCheck = 1230;
				TargetAttributes = {
					B91B2C60258EF41D00AB0428 = {
						CreatedOnToolsVersion = 12.3;
					};
					B91B2C76258EF41F00AB0428 = {
						CreatedOnToolsVersion = 12.3;
						TestTargetID = B91B2C60258EF41D00AB0428;
					};
					B91B2C81258EF41F00AB0428 = {
						CreatedOnToolsVersion = 12.3;
						TestTargetID = B91B2C60258EF41D00AB0428;
					};
				};
			};
			buildConfigurationList = B91B2C5C258EF41D00AB0428 /* Build configuration list for PBXProject "Tipper" */;
			compatibilityVersion = "Xcode 9.3";
			developmentRegion = en;
			hasScannedForEncodings = 0;
			knownRegions = (
				en,
				Base,
			);
			mainGroup = B91B2C58258EF41D00AB0428;
			productRefGroup = B91B2C62258EF41D00AB0428 /* Products */;
			projectDirPath = "";
			projectRoot = "";
			targets = (
				B91B2C60258EF41D00AB0428 /* Tipper */,
				B91B2C76258EF41F00AB0428 /* TipperTests */,
				B91B2C81258EF41F00AB0428 /* TipperUITests */,
			);
		};
/* End PBXProject section */

/* Begin PBXResourcesBuildPhase section */
		B91B2C5F258EF41D00AB0428 /* Resources */ = {
			isa = PBXResourcesBuildPhase;
			buildActionMask = 2147483647;
			files = (
				B91B2C71258EF41F00AB0428 /* LaunchScreen.storyboard in Resources */,
				B91B2C6E258EF41F00AB0428 /* Assets.xcassets in Resources */,
				B91B2C6C258EF41D00AB0428 /* Main.storyboard in Resources */,
			);
			runOnlyForDeploymentPostprocessing = 0;
		};
		B91B2C75258EF41F00AB0428 /* Resources */ = {
			isa = PBXResourcesBuildPhase;
			buildActionMask = 2147483647;
			files = (
			);
			runOnlyForDeploymentPostprocessing = 0;
		};
		B91B2C80258EF41F00AB0428 /* Resources */ = {
			isa = PBXResourcesBuildPhase;
			buildActionMask = 2147483647;
			files = (
			);
			runOnlyForDeploymentPostprocessing = 0;
		};
/* End PBXResourcesBuildPhase section */

/* Begin PBXSourcesBuildPhase section */
		B91B2C5D258EF41D00AB0428 /* Sources */ = {
			isa = PBXSourcesBuildPhase;
			buildActionMask = 2147483647;
			files = (
				B91B2C69258EF41D00AB0428 /* ViewController.swift in Sources */,
				B91B2C65258EF41D00AB0428 /* AppDelegate.swift in Sources */,
				B91B2C67258EF41D00AB0428 /* SceneDelegate.swift in Sources */,
			);
			runOnlyForDeploymentPostprocessing = 0;
		};
		B91B2C73258EF41F00AB0428 /* Sources */ = {
			isa = PBXSourcesBuildPhase;
			buildActionMask = 2147483647;
			files = (
				B91B2C7C258EF41F00AB0428 /* TipperTests.swift in Sources */,
			);
			runOnlyForDeploymentPostprocessing = 0;
		};
		B91B2C7E258EF41F00AB0428 /* Sources */ = {
			isa = PBXSourcesBuildPhase;
			buildActionMask = 2147483647;
			files = (
				B91B2C87258EF41F00AB0428 /* TipperUITests.swift in Sources */,
			);
			runOnlyForDeploymentPostprocessing = 0;
		};
/* End PBXSourcesBuildPhase section */

/* Begin PBXTargetDependency section */
		B91B2C79258EF41F00AB0428 /* PBXTargetDependency */ = {
			isa = PBXTargetDependency;
			target = B91B2C60258EF41D00AB0428 /* Tipper */;
			targetProxy = B91B2C78258EF41F00AB0428 /* PBXContainerItemProxy */;
		};
		B91B2C84258EF41F00AB0428 /* PBXTargetDependency */ = {
			isa = PBXTargetDependency;
			target = B91B2C60258EF41D00AB0428 /* Tipper */;
			targetProxy = B91B2C83258EF41F00AB0428 /* PBXContainerItemProxy */;
		};
/* End PBXTargetDependency section */

/* Begin PBXVariantGroup section */
		B91B2C6A258EF41D00AB0428 /* Main.storyboard */ = {
			isa = PBXVariantGroup;
			children = (
				B91B2C6B258EF41D00AB0428 /* Base */,
			);
			name = Main.storyboard;
			sourceTree = "<group>";
		};
		B91B2C6F258EF41F00AB0428 /* LaunchScreen.storyboard */ = {
			isa = PBXVariantGroup;
			children = (
				B91B2C70258EF41F00AB0428 /* Base */,
			);
			name = LaunchScreen.storyboard;
			sourceTree = "<group>";
		};
/* End PBXVariantGroup section */

/* Begin XCBuildConfiguration section */
		B91B2C89258EF42000AB0428 /* Debug */ = {
			isa = XCBuildConfiguration;
			buildSettings = {
				ALWAYS_SEARCH_USER_PATHS = NO;
				CLANG_ANALYZER_NONNULL = YES;
				CLANG_ANALYZER_NUMBER_OBJECT_CONVERSION = YES_AGGRESSIVE;
				CLANG_CXX_LANGUAGE_STANDARD = "gnu++14";
				CLANG_CXX_LIBRARY = "libc++";
				CLANG_ENABLE_MODULES = YES;
				CLANG_ENABLE_OBJC_ARC = YES;
				CLANG_ENABLE_OBJC_WEAK = YES;
				CLANG_WARN_BLOCK_CAPTURE_AUTORELEASING = YES;
				CLANG_WARN_BOOL_CONVERSION = YES;
				CLANG_WARN_COMMA = YES;
				CLANG_WARN_CONSTANT_CONVERSION = YES;
				CLANG_WARN_DEPRECATED_OBJC_IMPLEMENTATIONS = YES;
				CLANG_WARN_DIRECT_OBJC_ISA_USAGE = YES_ERROR;
				CLANG_WARN_DOCUMENTATION_COMMENTS = YES;
				CLANG_WARN_EMPTY_BODY = YES;
				CLANG_WARN_ENUM_CONVERSION = YES;
				CLANG_WARN_INFINITE_RECURSION = YES;
				CLANG_WARN_INT_CONVERSION = YES;
				CLANG_WARN_NON_LITERAL_NULL_CONVERSION = YES;
				CLANG_WARN_OBJC_IMPLICIT_RETAIN_SELF = YES;
				CLANG_WARN_OBJC_LITERAL_CONVERSION = YES;
				CLANG_WARN_OBJC_ROOT_CLASS = YES_ERROR;
				CLANG_WARN_QUOTED_INCLUDE_IN_FRAMEWORK_HEADER = YES;
				CLANG_WARN_RANGE_LOOP_ANALYSIS = YES;
				CLANG_WARN_STRICT_PROTOTYPES = YES;
				CLANG_WARN_SUSPICIOUS_MOVE = YES;
				CLANG_WARN_UNGUARDED_AVAILABILITY = YES_AGGRESSIVE;
				CLANG_WARN_UNREACHABLE_CODE = YES;
				CLANG_WARN__DUPLICATE_METHOD_MATCH = YES;
				COPY_PHASE_STRIP = NO;
				DEBUG_INFORMATION_FORMAT = dwarf;
				ENABLE_STRICT_OBJC_MSGSEND = YES;
				ENABLE_TESTABILITY = YES;
				GCC_C_LANGUAGE_STANDARD = gnu11;
				GCC_DYNAMIC_NO_PIC = NO;
				GCC_NO_COMMON_BLOCKS = YES;
				GCC_OPTIMIZATION_LEVEL = 0;
				GCC_PREPROCESSOR_DEFINITIONS = (
					"DEBUG=1",
					"$(inherited)",
				);
				GCC_WARN_64_TO_32_BIT_CONVERSION = YES;
				GCC_WARN_ABOUT_RETURN_TYPE = YES_ERROR;
				GCC_WARN_UNDECLARED_SELECTOR = YES;
				GCC_WARN_UNINITIALIZED_AUTOS = YES_AGGRESSIVE;
				GCC_WARN_UNUSED_FUNCTION = YES;
				GCC_WARN_UNUSED_VARIABLE = YES;
				IPHONEOS_DEPLOYMENT_TARGET = 14.3;
				MTL_ENABLE_DEBUG_INFO = INCLUDE_SOURCE;
				MTL_FAST_MATH = YES;
				ONLY_ACTIVE_ARCH = YES;
				SDKROOT = iphoneos;
				SWIFT_ACTIVE_COMPILATION_CONDITIONS = DEBUG;
				SWIFT_OPTIMIZATION_LEVEL = "-Onone";
			};
			name = Debug;
		};
		B91B2C8A258EF42000AB0428 /* Release */ = {
			isa = XCBuildConfiguration;
			buildSettings = {
				ALWAYS_SEARCH_USER_PATHS = NO;
				CLANG_ANALYZER_NONNULL = YES;
				CLANG_ANALYZER_NUMBER_OBJECT_CONVERSION = YES_AGGRESSIVE;
				CLANG_CXX_LANGUAGE_STANDARD = "gnu++14";
				CLANG_CXX_LIBRARY = "libc++";
				CLANG_ENABLE_MODULES = YES;
				CLANG_ENABLE_OBJC_ARC = YES;
				CLANG_ENABLE_OBJC_WEAK = YES;
				CLANG_WARN_BLOCK_CAPTURE_AUTORELEASING = YES;
				CLANG_WARN_BOOL_CONVERSION = YES;
				CLANG_WARN_COMMA = YES;
				CLANG_WARN_CONSTANT_CONVERSION = YES;
				CLANG_WARN_DEPRECATED_OBJC_IMPLEMENTATIONS = YES;
				CLANG_WARN_DIRECT_OBJC_ISA_USAGE = YES_ERROR;
				CLANG_WARN_DOCUMENTATION_COMMENTS = YES;
				CLANG_WARN_EMPTY_BODY = YES;
				CLANG_WARN_ENUM_CONVERSION = YES;
				CLANG_WARN_INFINITE_RECURSION = YES;
				CLANG_WARN_INT_CONVERSION = YES;
				CLANG_WARN_NON_LITERAL_NULL_CONVERSION = YES;
				CLANG_WARN_OBJC_IMPLICIT_RETAIN_SELF = YES;
				CLANG_WARN_OBJC_LITERAL_CONVERSION = YES;
				CLANG_WARN_OBJC_ROOT_CLASS = YES_ERROR;
				CLANG_WARN_QUOTED_INCLUDE_IN_FRAMEWORK_HEADER = YES;
				CLANG_WARN_RANGE_LOOP_ANALYSIS = YES;
				CLANG_WARN_STRICT_PROTOTYPES = YES;
				CLANG_WARN_SUSPICIOUS_MOVE = YES;
				CLANG_WARN_UNGUARDED_AVAILABILITY = YES_AGGRESSIVE;
				CLANG_WARN_UNREACHABLE_CODE = YES;
				CLANG_WARN__DUPLICATE_METHOD_MATCH = YES;
				COPY_PHASE_STRIP = NO;
				DEBUG_INFORMATION_FORMAT = "dwarf-with-dsym";
				ENABLE_NS_ASSERTIONS = NO;
				ENABLE_STRICT_OBJC_MSGSEND = YES;
				GCC_C_LANGUAGE_STANDARD = gnu11;
				GCC_NO_COMMON_BLOCKS = YES;
				GCC_WARN_64_TO_32_BIT_CONVERSION = YES;
				GCC_WARN_ABOUT_RETURN_TYPE = YES_ERROR;
				GCC_WARN_UNDECLARED_SELECTOR = YES;
				GCC_WARN_UNINITIALIZED_AUTOS = YES_AGGRESSIVE;
				GCC_WARN_UNUSED_FUNCTION = YES;
				GCC_WARN_UNUSED_VARIABLE = YES;
				IPHONEOS_DEPLOYMENT_TARGET = 14.3;
				MTL_ENABLE_DEBUG_INFO = NO;
				MTL_FAST_MATH = YES;
				SDKROOT = iphoneos;
				SWIFT_COMPILATION_MODE = wholemodule;
				SWIFT_OPTIMIZATION_LEVEL = "-O";
				VALIDATE_PRODUCT = YES;
			};
			name = Release;
		};
		B91B2C8C258EF42000AB0428 /* Debug */ = {
			isa = XCBuildConfiguration;
			buildSettings = {
				ASSETCATALOG_COMPILER_APPICON_NAME = AppIcon;
				ASSETCATALOG_COMPILER_GLOBAL_ACCENT_COLOR_NAME = AccentColor;
				CODE_SIGN_STYLE = Automatic;
				INFOPLIST_FILE = Tipper/Info.plist;
				LD_RUNPATH_SEARCH_PATHS = (
					"$(inherited)",
					"@executable_path/Frameworks",
				);
				PRODUCT_BUNDLE_IDENTIFIER = "Nancy-Ng.Tipper";
				PRODUCT_NAME = "$(TARGET_NAME)";
				SWIFT_VERSION = 5.0;
				TARGETED_DEVICE_FAMILY = "1,2";
			};
			name = Debug;
		};
		B91B2C8D258EF42000AB0428 /* Release */ = {
			isa = XCBuildConfiguration;
			buildSettings = {
				ASSETCATALOG_COMPILER_APPICON_NAME = AppIcon;
				ASSETCATALOG_COMPILER_GLOBAL_ACCENT_COLOR_NAME = AccentColor;
				CODE_SIGN_STYLE = Automatic;
				INFOPLIST_FILE = Tipper/Info.plist;
				LD_RUNPATH_SEARCH_PATHS = (
					"$(inherited)",
					"@executable_path/Frameworks",
				);
				PRODUCT_BUNDLE_IDENTIFIER = "Nancy-Ng.Tipper";
				PRODUCT_NAME = "$(TARGET_NAME)";
				SWIFT_VERSION = 5.0;
				TARGETED_DEVICE_FAMILY = "1,2";
			};
			name = Release;
		};
		B91B2C8F258EF42000AB0428 /* Debug */ = {
			isa = XCBuildConfiguration;
			buildSettings = {
				ALWAYS_EMBED_SWIFT_STANDARD_LIBRARIES = YES;
				BUNDLE_LOADER = "$(TEST_HOST)";
				CODE_SIGN_STYLE = Automatic;
				INFOPLIST_FILE = TipperTests/Info.plist;
				IPHONEOS_DEPLOYMENT_TARGET = 14.3;
				LD_RUNPATH_SEARCH_PATHS = (
					"$(inherited)",
					"@executable_path/Frameworks",
					"@loader_path/Frameworks",
				);
				PRODUCT_BUNDLE_IDENTIFIER = "Nancy-Ng.TipperTests";
				PRODUCT_NAME = "$(TARGET_NAME)";
				SWIFT_VERSION = 5.0;
				TARGETED_DEVICE_FAMILY = "1,2";
				TEST_HOST = "$(BUILT_PRODUCTS_DIR)/Tipper.app/Tipper";
			};
			name = Debug;
		};
		B91B2C90258EF42000AB0428 /* Release */ = {
			isa = XCBuildConfiguration;
			buildSettings = {
				ALWAYS_EMBED_SWIFT_STANDARD_LIBRARIES = YES;
				BUNDLE_LOADER = "$(TEST_HOST)";
				CODE_SIGN_STYLE = Automatic;
				INFOPLIST_FILE = TipperTests/Info.plist;
				IPHONEOS_DEPLOYMENT_TARGET = 14.3;
				LD_RUNPATH_SEARCH_PATHS = (
					"$(inherited)",
					"@executable_path/Frameworks",
					"@loader_path/Frameworks",
				);
				PRODUCT_BUNDLE_IDENTIFIER = "Nancy-Ng.TipperTests";
				PRODUCT_NAME = "$(TARGET_NAME)";
				SWIFT_VERSION = 5.0;
				TARGETED_DEVICE_FAMILY = "1,2";
				TEST_HOST = "$(BUILT_PRODUCTS_DIR)/Tipper.app/Tipper";
			};
			name = Release;
		};
		B91B2C92258EF42000AB0428 /* Debug */ = {
			isa = XCBuildConfiguration;
			buildSettings = {
				ALWAYS_EMBED_SWIFT_STANDARD_LIBRARIES = YES;
				CODE_SIGN_STYLE = Automatic;
				INFOPLIST_FILE = TipperUITests/Info.plist;
				LD_RUNPATH_SEARCH_PATHS = (
					"$(inherited)",
					"@executable_path/Frameworks",
					"@loader_path/Frameworks",
				);
				PRODUCT_BUNDLE_IDENTIFIER = "Nancy-Ng.TipperUITests";
				PRODUCT_NAME = "$(TARGET_NAME)";
				SWIFT_VERSION = 5.0;
				TARGETED_DEVICE_FAMILY = "1,2";
				TEST_TARGET_NAME = Tipper;
			};
			name = Debug;
		};
		B91B2C93258EF42000AB0428 /* Release */ = {
			isa = XCBuildConfiguration;
			buildSettings = {
				ALWAYS_EMBED_SWIFT_STANDARD_LIBRARIES = YES;
				CODE_SIGN_STYLE = Automatic;
				INFOPLIST_FILE = TipperUITests/Info.plist;
				LD_RUNPATH_SEARCH_PATHS = (
					"$(inherited)",
					"@executable_path/Frameworks",
					"@loader_path/Frameworks",
				);
				PRODUCT_BUNDLE_IDENTIFIER = "Nancy-Ng.TipperUITests";
				PRODUCT_NAME = "$(TARGET_NAME)";
				SWIFT_VERSION = 5.0;
				TARGETED_DEVICE_FAMILY = "1,2";
				TEST_TARGET_NAME = Tipper;
			};
			name = Release;
		};
/* End XCBuildConfiguration section */

/* Begin XCConfigurationList section */
		B91B2C5C258EF41D00AB0428 /* Build configuration list for PBXProject "Tipper" */ = {
			isa = XCConfigurationList;
			buildConfigurations = (
				B91B2C89258EF42000AB0428 /* Debug */,
				B91B2C8A258EF42000AB0428 /* Release */,
			);
			defaultConfigurationIsVisible = 0;
			defaultConfigurationName = Release;
		};
		B91B2C8B258EF42000AB0428 /* Build configuration list for PBXNativeTarget "Tipper" */ = {
			isa = XCConfigurationList;
			buildConfigurations = (
				B91B2C8C258EF42000AB0428 /* Debug */,
				B91B2C8D258EF42000AB0428 /* Release */,
			);
			defaultConfigurationIsVisible = 0;
			defaultConfigurationName = Release;
		};
		B91B2C8E258EF42000AB0428 /* Build configuration list for PBXNativeTarget "TipperTests" */ = {
			isa = XCConfigurationList;
			buildConfigurations = (
				B91B2C8F258EF42000AB0428 /* Debug */,
				B91B2C90258EF42000AB0428 /* Release */,
			);
			defaultConfigurationIsVisible = 0;
			defaultConfigurationName = Release;
		};
		B91B2C91258EF42000AB0428 /* Build configuration list for PBXNativeTarget "TipperUITests" */ = {
			isa = XCConfigurationList;
			buildConfigurations = (
				B91B2C92258EF42000AB0428 /* Debug */,
				B91B2C93258EF42000AB0428 /* Release */,
			);
			defaultConfigurationIsVisible = 0;
			defaultConfigurationName = Release;
		};
/* End XCConfigurationList section */
	};
	rootObject = B91B2C59258EF41D00AB0428 /* Project object */;
}
